{
  "nodes": {
    "flake-utils": {
      "locked": {
        "lastModified": 1779836347,
        "narHash": "sha256-iDFc7E++ec+vK5oQ+VEgM9/g6OUzDX4nZWswxRvu9AU=",
        "owner": "SpiralP",
        "repo": "nix-flake-utils",
        "rev": "3d5c8493434284aab42f394e02b59f66f0849b65",
        "type": "github"
      },
      "original": {
        "owner": "SpiralP",
        "repo": "nix-flake-utils",
        "type": "github"
      }
    },
    "nixpkgs": {
      "locked": {
        "lastModified": 1782651437,
        "narHash": "sha256-10srBgrJz7JOWzS1KG5BhrwHCUPTcPqZgwNKo5N9YE4=",
        "owner": "NixOS",
        "repo": "nixpkgs",
        "rev": "0a47451dbe2082a660b88a79a83efdc8d85de445",
        "type": "github"
      },
      "original": {
        "owner": "NixOS",
        "ref": "nixos-25.11",
        "repo": "nixpkgs",
        "type": "github"
      }
    },
    "root": {
      "inputs": {
        "flake-utils": "flake-utils",
        "nixpkgs": "nixpkgs"
      }
    }
  },
  "root": "root",
  "version": 7
}
